// !$*UTF8*$!
{
	archiveVersion = 1;
	classes = {
	};
	objectVersion = 46;
	objects = {

/* Begin PBXBuildFile section */
		672840031D09E79600724399 /* AppDelegate.swift in Sources */ = {isa = PBXBuildFile; fileRef = 672840021D09E79600724399 /* AppDelegate.swift */; };
		672840051D09E79600724399 /* ViewController.swift in Sources */ = {isa = PBXBuildFile; fileRef = 672840041D09E79600724399 /* ViewController.swift */; };
		672840081D09E79600724399 /* Main.storyboard in Resources */ = {isa = PBXBuildFile; fileRef = 672840061D09E79600724399 /* Main.storyboard */; };
		6728400A1D09E79600724399 /* Assets.xcassets in Resources */ = {isa = PBXBuildFile; fileRef = 672840091D09E79600724399 /* Assets.xcassets */; };
		6728400D1D09E79600724399 /* LaunchScreen.storyboard in Resources */ = {isa = PBXBuildFile; fileRef = 6728400B1D09E79600724399 /* LaunchScreen.storyboard */; };
		673864161D09FD710017F9C5 /* libc++.tbd in Frameworks */ = {isa = PBXBuildFile; fileRef = 673864151D09FD710017F9C5 /* libc++.tbd */; };
		673864181D09FD7C0017F9C5 /* libicucore.tbd in Frameworks */ = {isa = PBXBuildFile; fileRef = 673864171D09FD7C0017F9C5 /* libicucore.tbd */; };
		6738641A1D09FD840017F9C5 /* CFNetwork.framework in Frameworks */ = {isa = PBXBuildFile; fileRef = 673864191D09FD840017F9C5 /* CFNetwork.framework */; };
		6738641C1D09FD8F0017F9C5 /* Security.framework in Frameworks */ = {isa = PBXBuildFile; fileRef = 6738641B1D09FD8F0017F9C5 /* Security.framework */; };
		6738641E1D09FD9A0017F9C5 /* SystemConfiguration.framework in Frameworks */ = {isa = PBXBuildFile; fileRef = 6738641D1D09FD9A0017F9C5 /* SystemConfiguration.framework */; };
		67CE36501D0B7D81001A4ADA /* Firebase.framework in Frameworks */ = {isa = PBXBuildFile; fileRef = 67CE364F1D0B7D80001A4ADA /* Firebase.framework */; };
/* End PBXBuildFile section */

/* Begin PBXFileReference section */
		67283FFF1D09E79500724399 /* FireUpdater.app */ = {isa = PBXFileReference; explicitFileType = wrapper.application; includeInIndex = 0; path = FireUpdater.app; sourceTree = BUILT_PRODUCTS_DIR; };
		672840021D09E79600724399 /* AppDelegate.swift */ = {isa = PBXFileReference; lastKnownFileType = sourcecode.swift; path = AppDelegate.swift; sourceTree = "<group>"; };
		672840041D09E79600724399 /* ViewController.swift */ = {isa = PBXFileReference; lastKnownFileType = sourcecode.swift; path = ViewController.swift; sourceTree = "<group>"; };
		672840071D09E79600724399 /* Base */ = {isa = PBXFileReference; lastKnownFileType = file.storyboard; name = Base; path = Base.lproj/Main.storyboard; sourceTree = "<group>"; };
		672840091D09E79600724399 /* Assets.xcassets */ = {isa = PBXFileReference; lastKnownFileType = folder.assetcatalog; path = Assets.xcassets; sourceTree = "<group>"; };
		6728400C1D09E79600724399 /* Base */ = {isa = PBXFileReference; lastKnownFileType = file.storyboard; name = Base; path = Base.lproj/LaunchScreen.storyboard; sourceTree = "<group>"; };
		6728400E1D09E79600724399 /* Info.plist */ = {isa = PBXFileReference; lastKnownFileType = text.plist.xml; path = Info.plist; sourceTree = "<group>"; };
		673864151D09FD710017F9C5 /* libc++.tbd */ = {isa = PBXFileReference; lastKnownFileType = "sourcecode.text-based-dylib-definition"; name = "libc++.tbd"; path = "usr/lib/libc++.tbd"; sourceTree = SDKROOT; };
		673864171D09FD7C0017F9C5 /* libicucore.tbd */ = {isa = PBXFileReference; lastKnownFileType = "sourcecode.text-based-dylib-definition"; name = libicucore.tbd; path = usr/lib/libicucore.tbd; sourceTree = SDKROOT; };
		673864191D09FD840017F9C5 /* CFNetwork.framework */ = {isa = PBXFileReference; lastKnownFileType = wrapper.framework; name = CFNetwork.framework; path = System/Library/Frameworks/CFNetwork.framework; sourceTree = SDKROOT; };
		6738641B1D09FD8F0017F9C5 /* Security.framework */ = {isa = PBXFileReference; lastKnownFileType = wrapper.framework; name = Security.framework; path = System/Library/Frameworks/Security.framework; sourceTree = SDKROOT; };
		6738641D1D09FD9A0017F9C5 /* SystemConfiguration.framework */ = {isa = PBXFileReference; lastKnownFileType = wrapper.framework; name = SystemConfiguration.framework; path = System/Library/Frameworks/SystemConfiguration.framework; sourceTree = SDKROOT; };
		67CE364F1D0B7D80001A4ADA /* Firebase.framework */ = {isa = PBXFileReference; lastKnownFileType = wrapper.framework; name = Firebase.framework; path = ../Firebase.framework; sourceTree = "<group>"; };
/* End PBXFileReference section */

/* Begin PBXFrameworksBuildPhase section */
		67283FFC1D09E79500724399 /* Frameworks */ = {
			isa = PBXFrameworksBuildPhase;
			buildActionMask = 2147483647;
			files = (
				67CE36501D0B7D81001A4ADA /* Firebase.framework in Frameworks */,
				673864181D09FD7C0017F9C5 /* libicucore.tbd in Frameworks */,
				673864161D09FD710017F9C5 /* libc++.tbd in Frameworks */,
				6738641A1D09FD840017F9C5 /* CFNetwork.framework in Frameworks */,
				6738641C1D09FD8F0017F9C5 /* Security.framework in Frameworks */,
				6738641E1D09FD9A0017F9C5 /* SystemConfiguration.framework in Frameworks */,
			);
			runOnlyForDeploymentPostprocessing = 0;
		};
/* End PBXFrameworksBuildPhase section */

/* Begin PBXGroup section */
		67283FF61D09E79500724399 = {
			isa = PBXGroup;
			children = (
				672840011D09E79600724399 /* FireUpdater */,
				672840001D09E79500724399 /* Products */,
			);
			sourceTree = "<group>";
		};
		672840001D09E79500724399 /* Products */ = {
			isa = PBXGroup;
			children = (
				67283FFF1D09E79500724399 /* FireUpdater.app */,
			);
			name = Products;
			sourceTree = "<group>";
		};
		672840011D09E79600724399 /* FireUpdater */ = {
			isa = PBXGroup;
			children = (
				672840021D09E79600724399 /* AppDelegate.swift */,
				672840041D09E79600724399 /* ViewController.swift */,
				672840061D09E79600724399 /* Main.storyboard */,
				672840091D09E79600724399 /* Assets.xcassets */,
				6728400B1D09E79600724399 /* LaunchScreen.storyboard */,
				6728400E1D09E79600724399 /* Info.plist */,
				67CE364E1D0B7D2A001A4ADA /* Libraries */,
			);
			path = FireUpdater;
			sourceTree = "<group>";
		};
		67CE364E1D0B7D2A001A4ADA /* Libraries */ = {
			isa = PBXGroup;
			children = (
				67CE364F1D0B7D80001A4ADA /* Firebase.framework */,
				6738641D1D09FD9A0017F9C5 /* SystemConfiguration.framework */,
				6738641B1D09FD8F0017F9C5 /* Security.framework */,
				673864191D09FD840017F9C5 /* CFNetwork.framework */,
				673864171D09FD7C0017F9C5 /* libicucore.tbd */,
				673864151D09FD710017F9C5 /* libc++.tbd */,
			);
			name = Libraries;
			sourceTree = "<group>";
		};
/* End PBXGroup section */

/* Begin PBXNativeTarget section */
		67283FFE1D09E79500724399 /* FireUpdater */ = {
			isa = PBXNativeTarget;
			buildConfigurationList = 672840111D09E79600724399 /* Build configuration list for PBXNativeTarget "FireUpdater" */;
			buildPhases = (
				67283FFB1D09E79500724399 /* Sources */,
				67283FFC1D09E79500724399 /* Frameworks */,
				67283FFD1D09E79500724399 /* Resources */,
			);
			buildRules = (
			);
			dependencies = (
			);
			name = FireUpdater;
			productName = FireUpdaterv2;
			productReference = 67283FFF1D09E79500724399 /* FireUpdater.app */;
			productType = "com.apple.product-type.application";
		};
/* End PBXNativeTarget section */

/* Begin PBXProject section */
		67283FF71D09E79500724399 /* Project object */ = {
			isa = PBXProject;
			attributes = {
				LastSwiftUpdateCheck = 0730;
				LastUpgradeCheck = 0730;
				ORGANIZATIONNAME = "Chi Hon Law";
				TargetAttributes = {
					67283FFE1D09E79500724399 = {
						CreatedOnToolsVersion = 7.3.1;
						DevelopmentTeam = NQTW4CBNTU;
					};
				};
			};
			buildConfigurationList = 67283FFA1D09E79500724399 /* Build configuration list for PBXProject "FireUpdater" */;
			compatibilityVersion = "Xcode 3.2";
			developmentRegion = English;
			hasScannedForEncodings = 0;
			knownRegions = (
				en,
				Base,
			);
			mainGroup = 67283FF61D09E79500724399;
			productRefGroup = 672840001D09E79500724399 /* Products */;
			projectDirPath = "";
			projectRoot = "";
			targets = (
				67283FFE1D09E79500724399 /* FireUpdater */,
			);
		};
/* End PBXProject section */

/* Begin PBXResourcesBuildPhase section */
		67283FFD1D09E79500724399 /* Resources */ = {
			isa = PBXResourcesBuildPhase;
			buildActionMask = 2147483647;
			files = (
				6728400D1D09E79600724399 /* LaunchScreen.storyboard in Resources */,
				6728400A1D09E79600724399 /* Assets.xcassets in Resources */,
				672840081D09E79600724399 /* Main.storyboard in Resources */,
			);
			runOnlyForDeploymentPostprocessing = 0;
		};
/* End PBXResourcesBuildPhase section */

/* Begin PBXSourcesBuildPhase section */
		67283FFB1D09E79500724399 /* Sources */ = {
			isa = PBXSourcesBuildPhase;
			buildActionMask = 2147483647;
			files = (
				672840051D09E79600724399 /* ViewController.swift in Sources */,
				672840031D09E79600724399 /* AppDelegate.swift in Sources */,
			);
			runOnlyForDeploymentPostprocessing = 0;
		};
/* End PBXSourcesBuildPhase section */

/* Begin PBXVariantGroup section */
		672840061D09E79600724399 /* Main.storyboard */ = {
			isa = PBXVariantGroup;
			children = (
				672840071D09E79600724399 /* Base */,
			);
			name = Main.storyboard;
			sourceTree = "<group>";
		};
		6728400B1D09E79600724399 /* LaunchScreen.storyboard */ = {
			isa = PBXVariantGroup;
			children = (
				6728400C1D09E79600724399 /* Base */,
			);
			name = LaunchScreen.storyboard;
			sourceTree = "<group>";
		};
/* End PBXVariantGroup section */

/* Begin XCBuildConfiguration section */
		6728400F1D09E79600724399 /* Debug */ = {
			isa = XCBuildConfiguration;
			buildSettings = {
				ALWAYS_SEARCH_USER_PATHS = NO;
				CLANG_ANALYZER_NONNULL = YES;
				CLANG_CXX_LANGUAGE_STANDARD = "gnu++0x";
				CLANG_CXX_LIBRARY = "libc++";
				CLANG_ENABLE_MODULES = YES;
				CLANG_ENABLE_OBJC_ARC = YES;
				CLANG_WARN_BOOL_CONVERSION = YES;
				CLANG_WARN_CONSTANT_CONVERSION = YES;
				CLANG_WARN_DIRECT_OBJC_ISA_USAGE = YES_ERROR;
				CLANG_WARN_EMPTY_BODY = YES;
				CLANG_WARN_ENUM_CONVERSION = YES;
				CLANG_WARN_INT_CONVERSION = YES;
				CLANG_WARN_OBJC_ROOT_CLASS = YES_ERROR;
				CLANG_WARN_UNREACHABLE_CODE = YES;
				CLANG_WARN__DUPLICATE_METHOD_MATCH = YES;
				"CODE_SIGN_IDENTITY[sdk=iphoneos*]" = "iPhone Developer";
				COPY_PHASE_STRIP = NO;
				DEBUG_INFORMATION_FORMAT = dwarf;
				ENABLE_STRICT_OBJC_MSGSEND = YES;
				ENABLE_TESTABILITY = YES;
				GCC_C_LANGUAGE_STANDARD = gnu99;
				GCC_DYNAMIC_NO_PIC = NO;
				GCC_NO_COMMON_BLOCKS = YES;
				GCC_OPTIMIZATION_LEVEL = 0;
				GCC_PREPROCESSOR_DEFINITIONS = (
					"DEBUG=1",
					"$(inherited)",
				);
				GCC_WARN_64_TO_32_BIT_CONVERSION = YES;
				GCC_WARN_ABOUT_RETURN_TYPE = YES_ERROR;
				GCC_WARN_UNDECLARED_SELECTOR = YES;
				GCC_WARN_UNINITIALIZED_AUTOS = YES_AGGRESSIVE;
				GCC_WARN_UNUSED_FUNCTION = YES;
				GCC_WARN_UNUSED_VARIABLE = YES;
				IPHONEOS_DEPLOYMENT_TARGET = 9.3;
				MTL_ENABLE_DEBUG_INFO = YES;
				ONLY_ACTIVE_ARCH = YES;
				SDKROOT = iphoneos;
				SWIFT_OPTIMIZATION_LEVEL = "-Onone";
				TARGETED_DEVICE_FAMILY = "1,2";
			};
			name = Debug;
		};
		672840101D09E79600724399 /* Release */ = {
			isa = XCBuildConfiguration;
			buildSettings = {
				ALWAYS_SEARCH_USER_PATHS = NO;
				CLANG_ANALYZER_NONNULL = YES;
				CLANG_CXX_LANGUAGE_STANDARD = "gnu++0x";
				CLANG_CXX_LIBRARY = "libc++";
				CLANG_ENABLE_MODULES = YES;
				CLANG_ENABLE_OBJC_ARC = YES;
				CLANG_WARN_BOOL_CONVERSION = YES;
				CLANG_WARN_CONSTANT_CONVERSION = YES;
				CLANG_WARN_DIRECT_OBJC_ISA_USAGE = YES_ERROR;
				CLANG_WARN_EMPTY_BODY = YES;
				CLANG_WARN_ENUM_CONVERSION = YES;
				CLANG_WARN_INT_CONVERSION = YES;
				CLANG_WARN_OBJC_ROOT_CLASS = YES_ERROR;
				CLANG_WARN_UNREACHABLE_CODE = YES;
				CLANG_WARN__DUPLICATE_METHOD_MATCH = YES;
				"CODE_SIGN_IDENTITY[sdk=iphoneos*]" = "iPhone Developer";
				COPY_PHASE_STRIP = NO;
				DEBUG_INFORMATION_FORMAT = "dwarf-with-dsym";
				ENABLE_NS_ASSERTIONS = NO;
				ENABLE_STRICT_OBJC_MSGSEND = YES;
				GCC_C_LANGUAGE_STANDARD = gnu99;
				GCC_NO_COMMON_BLOCKS = YES;
				GCC_WARN_64_TO_32_BIT_CONVERSION = YES;
				GCC_WARN_ABOUT_RETURN_TYPE = YES_ERROR;
				GCC_WARN_UNDECLARED_SELECTOR = YES;
				GCC_WARN_UNINITIALIZED_AUTOS = YES_AGGRESSIVE;
				GCC_WARN_UNUSED_FUNCTION = YES;
				GCC_WARN_UNUSED_VARIABLE = YES;
				IPHONEOS_DEPLOYMENT_TARGET = 9.3;
				MTL_ENABLE_DEBUG_INFO = NO;
				SDKROOT = iphoneos;
				TARGETED_DEVICE_FAMILY = "1,2";
				VALIDATE_PRODUCT = YES;
			};
			name = Release;
		};
		672840121D09E79600724399 /* Debug */ = {
			isa = XCBuildConfiguration;
			buildSettings = {
				ASSETCATALOG_COMPILER_APPICON_NAME = AppIcon;
				CODE_SIGN_IDENTITY = "iPhone Developer";
				FRAMEWORK_SEARCH_PATHS = (
					"$(inherited)",
					"$(PROJECT_DIR)/FireUpdaterv2",
					"$(PROJECT_DIR)",
				);
				INFOPLIST_FILE = "$(SRCROOT)/FireUpdater/Info.plist";
				LD_RUNPATH_SEARCH_PATHS = "$(inherited) @executable_path/Frameworks";
				PRODUCT_BUNDLE_IDENTIFIER = lawchihon.FireUpdater;
				PRODUCT_NAME = FireUpdater;
			};
			name = Debug;
		};
		672840131D09E79600724399 /* Release */ = {
			isa = XCBuildConfiguration;
			buildSettings = {
				ASSETCATALOG_COMPILER_APPICON_NAME = AppIcon;
				CODE_SIGN_IDENTITY = "iPhone Developer";
				FRAMEWORK_SEARCH_PATHS = (
					"$(inherited)",
					"$(PROJECT_DIR)/FireUpdaterv2",
					"$(PROJECT_DIR)",
				);
				INFOPLIST_FILE = "$(SRCROOT)/FireUpdater/Info.plist";
				LD_RUNPATH_SEARCH_PATHS = "$(inherited) @executable_path/Frameworks";
				PRODUCT_BUNDLE_IDENTIFIER = lawchihon.FireUpdater;
				PRODUCT_NAME = FireUpdater;
			};
			name = Release;
		};
/* End XCBuildConfiguration section */

/* Begin XCConfigurationList section */
		67283FFA1D09E79500724399 /* Build configuration list for PBXProject "FireUpdater" */ = {
			isa = XCConfigurationList;
			buildConfigurations = (
				6728400F1D09E79600724399 /* Debug */,
				672840101D09E79600724399 /* Release */,
			);
			defaultConfigurationIsVisible = 0;
			defaultConfigurationName = Release;
		};
		672840111D09E79600724399 /* Build configuration list for PBXNativeTarget "FireUpdater" */ = {
			isa = XCConfigurationList;
			buildConfigurations = (
				672840121D09E79600724399 /* Debug */,
				672840131D09E79600724399 /* Release */,
			);
			defaultConfigurationIsVisible = 0;
			defaultConfigurationName = Release;
		};
/* End XCConfigurationList section */
	};
	rootObject = 67283FF71D09E79500724399 /* Project object */;
}
