// !$*UTF8*$!
{
	archiveVersion = 1;
	classes = {
	};
	objectVersion = 46;
	objects = {

/* Begin PBXBuildFile section */
		67F474861CE0027E00A7B02F /* AppDelegate.swift in Sources */ = {isa = PBXBuildFile; fileRef = 67F474851CE0027E00A7B02F /* AppDelegate.swift */; };
		67F474881CE0027E00A7B02F /* ViewController.swift in Sources */ = {isa = PBXBuildFile; fileRef = 67F474871CE0027E00A7B02F /* ViewController.swift */; };
		67F4748B1CE0027E00A7B02F /* Main.storyboard in Resources */ = {isa = PBXBuildFile; fileRef = 67F474891CE0027E00A7B02F /* Main.storyboard */; };
		67F4748D1CE0027E00A7B02F /* Assets.xcassets in Resources */ = {isa = PBXBuildFile; fileRef = 67F4748C1CE0027E00A7B02F /* Assets.xcassets */; };
		67F474901CE0027E00A7B02F /* LaunchScreen.storyboard in Resources */ = {isa = PBXBuildFile; fileRef = 67F4748E1CE0027E00A7B02F /* LaunchScreen.storyboard */; };
		D140FC9A17CA6CA706004CE4 /* libPods-FireUpdater.a in Frameworks */ = {isa = PBXBuildFile; fileRef = 6056D754871871D269366E0E /* libPods-FireUpdater.a */; };
/* End PBXBuildFile section */

/* Begin PBXFileReference section */
		6056D754871871D269366E0E /* libPods-FireUpdater.a */ = {isa = PBXFileReference; explicitFileType = archive.ar; includeInIndex = 0; path = "libPods-FireUpdater.a"; sourceTree = BUILT_PRODUCTS_DIR; };
		67F474821CE0027E00A7B02F /* FireUpdater.app */ = {isa = PBXFileReference; explicitFileType = wrapper.application; includeInIndex = 0; path = FireUpdater.app; sourceTree = BUILT_PRODUCTS_DIR; };
		67F474851CE0027E00A7B02F /* AppDelegate.swift */ = {isa = PBXFileReference; lastKnownFileType = sourcecode.swift; path = AppDelegate.swift; sourceTree = "<group>"; };
		67F474871CE0027E00A7B02F /* ViewController.swift */ = {isa = PBXFileReference; lastKnownFileType = sourcecode.swift; path = ViewController.swift; sourceTree = "<group>"; };
		67F4748A1CE0027E00A7B02F /* Base */ = {isa = PBXFileReference; lastKnownFileType = file.storyboard; name = Base; path = Base.lproj/Main.storyboard; sourceTree = "<group>"; };
		67F4748C1CE0027E00A7B02F /* Assets.xcassets */ = {isa = PBXFileReference; lastKnownFileType = folder.assetcatalog; path = Assets.xcassets; sourceTree = "<group>"; };
		67F4748F1CE0027E00A7B02F /* Base */ = {isa = PBXFileReference; lastKnownFileType = file.storyboard; name = Base; path = Base.lproj/LaunchScreen.storyboard; sourceTree = "<group>"; };
		67F474911CE0027E00A7B02F /* Info.plist */ = {isa = PBXFileReference; lastKnownFileType = text.plist.xml; path = Info.plist; sourceTree = "<group>"; };
		798FEC6BE5BBA3BFA23A792C /* Pods-FireUpdater.debug.xcconfig */ = {isa = PBXFileReference; includeInIndex = 1; lastKnownFileType = text.xcconfig; name = "Pods-FireUpdater.debug.xcconfig"; path = "Pods/Target Support Files/Pods-FireUpdater/Pods-FireUpdater.debug.xcconfig"; sourceTree = "<group>"; };
		9834B82007DEB641562522B1 /* Pods-FireUpdater.release.xcconfig */ = {isa = PBXFileReference; includeInIndex = 1; lastKnownFileType = text.xcconfig; name = "Pods-FireUpdater.release.xcconfig"; path = "Pods/Target Support Files/Pods-FireUpdater/Pods-FireUpdater.release.xcconfig"; sourceTree = "<group>"; };
/* End PBXFileReference section */

/* Begin PBXFrameworksBuildPhase section */
		67F4747F1CE0027D00A7B02F /* Frameworks */ = {
			isa = PBXFrameworksBuildPhase;
			buildActionMask = 2147483647;
			files = (
				D140FC9A17CA6CA706004CE4 /* libPods-FireUpdater.a in Frameworks */,
			);
			runOnlyForDeploymentPostprocessing = 0;
		};
/* End PBXFrameworksBuildPhase section */

/* Begin PBXGroup section */
		2643D4F0AD4281096D64BB61 /* Frameworks */ = {
			isa = PBXGroup;
			children = (
				6056D754871871D269366E0E /* libPods-FireUpdater.a */,
			);
			name = Frameworks;
			sourceTree = "<group>";
		};
		67F474791CE0027D00A7B02F = {
			isa = PBXGroup;
			children = (
				67F474841CE0027E00A7B02F /* FireUpdater */,
				67F474831CE0027E00A7B02F /* Products */,
				6C04B465D02CBF0EE0261A6C /* Pods */,
				2643D4F0AD4281096D64BB61 /* Frameworks */,
			);
			sourceTree = "<group>";
		};
		67F474831CE0027E00A7B02F /* Products */ = {
			isa = PBXGroup;
			children = (
				67F474821CE0027E00A7B02F /* FireUpdater.app */,
			);
			name = Products;
			sourceTree = "<group>";
		};
		67F474841CE0027E00A7B02F /* FireUpdater */ = {
			isa = PBXGroup;
			children = (
				67F474851CE0027E00A7B02F /* AppDelegate.swift */,
				67F474871CE0027E00A7B02F /* ViewController.swift */,
				67F474891CE0027E00A7B02F /* Main.storyboard */,
				67F4748C1CE0027E00A7B02F /* Assets.xcassets */,
				67F4748E1CE0027E00A7B02F /* LaunchScreen.storyboard */,
				67F474911CE0027E00A7B02F /* Info.plist */,
			);
			path = FireUpdater;
			sourceTree = "<group>";
		};
		6C04B465D02CBF0EE0261A6C /* Pods */ = {
			isa = PBXGroup;
			children = (
				798FEC6BE5BBA3BFA23A792C /* Pods-FireUpdater.debug.xcconfig */,
				9834B82007DEB641562522B1 /* Pods-FireUpdater.release.xcconfig */,
			);
			name = Pods;
			sourceTree = "<group>";
		};
/* End PBXGroup section */

/* Begin PBXNativeTarget section */
		67F474811CE0027D00A7B02F /* FireUpdater */ = {
			isa = PBXNativeTarget;
			buildConfigurationList = 67F474941CE0027E00A7B02F /* Build configuration list for PBXNativeTarget "FireUpdater" */;
			buildPhases = (
				D07B8F0954963720F010F1EE /* Check Pods Manifest.lock */,
				67F4747E1CE0027D00A7B02F /* Sources */,
				67F4747F1CE0027D00A7B02F /* Frameworks */,
				67F474801CE0027D00A7B02F /* Resources */,
				9F770CFC5F4AA1FF04E4C796 /* Embed Pods Frameworks */,
				CC13E89A24000815D7E6516B /* Copy Pods Resources */,
			);
			buildRules = (
			);
			dependencies = (
			);
			name = FireUpdater;
			productName = FireUpdater;
			productReference = 67F474821CE0027E00A7B02F /* FireUpdater.app */;
			productType = "com.apple.product-type.application";
		};
/* End PBXNativeTarget section */

/* Begin PBXProject section */
		67F4747A1CE0027D00A7B02F /* Project object */ = {
			isa = PBXProject;
			attributes = {
				LastSwiftUpdateCheck = 0730;
				LastUpgradeCheck = 0730;
				ORGANIZATIONNAME = "Chi Hon Law";
				TargetAttributes = {
					67F474811CE0027D00A7B02F = {
						CreatedOnToolsVersion = 7.3.1;
						DevelopmentTeam = NQTW4CBNTU;
					};
				};
			};
			buildConfigurationList = 67F4747D1CE0027D00A7B02F /* Build configuration list for PBXProject "FireUpdater" */;
			compatibilityVersion = "Xcode 3.2";
			developmentRegion = English;
			hasScannedForEncodings = 0;
			knownRegions = (
				en,
				Base,
			);
			mainGroup = 67F474791CE0027D00A7B02F;
			productRefGroup = 67F474831CE0027E00A7B02F /* Products */;
			projectDirPath = "";
			projectRoot = "";
			targets = (
				67F474811CE0027D00A7B02F /* FireUpdater */,
			);
		};
/* End PBXProject section */

/* Begin PBXResourcesBuildPhase section */
		67F474801CE0027D00A7B02F /* Resources */ = {
			isa = PBXResourcesBuildPhase;
			buildActionMask = 2147483647;
			files = (
				67F474901CE0027E00A7B02F /* LaunchScreen.storyboard in Resources */,
				67F4748D1CE0027E00A7B02F /* Assets.xcassets in Resources */,
				67F4748B1CE0027E00A7B02F /* Main.storyboard in Resources */,
			);
			runOnlyForDeploymentPostprocessing = 0;
		};
/* End PBXResourcesBuildPhase section */

/* Begin PBXShellScriptBuildPhase section */
		9F770CFC5F4AA1FF04E4C796 /* Embed Pods Frameworks */ = {
			isa = PBXShellScriptBuildPhase;
			buildActionMask = 2147483647;
			files = (
			);
			inputPaths = (
			);
			name = "Embed Pods Frameworks";
			outputPaths = (
			);
			runOnlyForDeploymentPostprocessing = 0;
			shellPath = /bin/sh;
			shellScript = "\"${SRCROOT}/Pods/Target Support Files/Pods-FireUpdater/Pods-FireUpdater-frameworks.sh\"\n";
			showEnvVarsInLog = 0;
		};
		CC13E89A24000815D7E6516B /* Copy Pods Resources */ = {
			isa = PBXShellScriptBuildPhase;
			buildActionMask = 2147483647;
			files = (
			);
			inputPaths = (
			);
			name = "Copy Pods Resources";
			outputPaths = (
			);
			runOnlyForDeploymentPostprocessing = 0;
			shellPath = /bin/sh;
			shellScript = "\"${SRCROOT}/Pods/Target Support Files/Pods-FireUpdater/Pods-FireUpdater-resources.sh\"\n";
			showEnvVarsInLog = 0;
		};
		D07B8F0954963720F010F1EE /* Check Pods Manifest.lock */ = {
			isa = PBXShellScriptBuildPhase;
			buildActionMask = 2147483647;
			files = (
			);
			inputPaths = (
			);
			name = "Check Pods Manifest.lock";
			outputPaths = (
			);
			runOnlyForDeploymentPostprocessing = 0;
			shellPath = /bin/sh;
			shellScript = "diff \"${PODS_ROOT}/../Podfile.lock\" \"${PODS_ROOT}/Manifest.lock\" > /dev/null\nif [[ $? != 0 ]] ; then\n    cat << EOM\nerror: The sandbox is not in sync with the Podfile.lock. Run 'pod install' or update your CocoaPods installation.\nEOM\n    exit 1\nfi\n";
			showEnvVarsInLog = 0;
		};
/* End PBXShellScriptBuildPhase section */

/* Begin PBXSourcesBuildPhase section */
		67F4747E1CE0027D00A7B02F /* Sources */ = {
			isa = PBXSourcesBuildPhase;
			buildActionMask = 2147483647;
			files = (
				67F474881CE0027E00A7B02F /* ViewController.swift in Sources */,
				67F474861CE0027E00A7B02F /* AppDelegate.swift in Sources */,
			);
			runOnlyForDeploymentPostprocessing = 0;
		};
/* End PBXSourcesBuildPhase section */

/* Begin PBXVariantGroup section */
		67F474891CE0027E00A7B02F /* Main.storyboard */ = {
			isa = PBXVariantGroup;
			children = (
				67F4748A1CE0027E00A7B02F /* Base */,
			);
			name = Main.storyboard;
			sourceTree = "<group>";
		};
		67F4748E1CE0027E00A7B02F /* LaunchScreen.storyboard */ = {
			isa = PBXVariantGroup;
			children = (
				67F4748F1CE0027E00A7B02F /* Base */,
			);
			name = LaunchScreen.storyboard;
			sourceTree = "<group>";
		};
/* End PBXVariantGroup section */

/* Begin XCBuildConfiguration section */
		67F474921CE0027E00A7B02F /* Debug */ = {
			isa = XCBuildConfiguration;
			buildSettings = {
				ALWAYS_SEARCH_USER_PATHS = NO;
				CLANG_ANALYZER_NONNULL = YES;
				CLANG_CXX_LANGUAGE_STANDARD = "gnu++0x";
				CLANG_CXX_LIBRARY = "libc++";
				CLANG_ENABLE_MODULES = YES;
				CLANG_ENABLE_OBJC_ARC = YES;
				CLANG_WARN_BOOL_CONVERSION = YES;
				CLANG_WARN_CONSTANT_CONVERSION = YES;
				CLANG_WARN_DIRECT_OBJC_ISA_USAGE = YES_ERROR;
				CLANG_WARN_EMPTY_BODY = YES;
				CLANG_WARN_ENUM_CONVERSION = YES;
				CLANG_WARN_INT_CONVERSION = YES;
				CLANG_WARN_OBJC_ROOT_CLASS = YES_ERROR;
				CLANG_WARN_UNREACHABLE_CODE = YES;
				CLANG_WARN__DUPLICATE_METHOD_MATCH = YES;
				"CODE_SIGN_IDENTITY[sdk=iphoneos*]" = "iPhone Developer";
				COPY_PHASE_STRIP = NO;
				DEBUG_INFORMATION_FORMAT = dwarf;
				ENABLE_STRICT_OBJC_MSGSEND = YES;
				ENABLE_TESTABILITY = YES;
				GCC_C_LANGUAGE_STANDARD = gnu99;
				GCC_DYNAMIC_NO_PIC = NO;
				GCC_NO_COMMON_BLOCKS = YES;
				GCC_OPTIMIZATION_LEVEL = 0;
				GCC_PREPROCESSOR_DEFINITIONS = (
					"DEBUG=1",
					"$(inherited)",
				);
				GCC_WARN_64_TO_32_BIT_CONVERSION = YES;
				GCC_WARN_ABOUT_RETURN_TYPE = YES_ERROR;
				GCC_WARN_UNDECLARED_SELECTOR = YES;
				GCC_WARN_UNINITIALIZED_AUTOS = YES_AGGRESSIVE;
				GCC_WARN_UNUSED_FUNCTION = YES;
				GCC_WARN_UNUSED_VARIABLE = YES;
				IPHONEOS_DEPLOYMENT_TARGET = 9.3;
				MTL_ENABLE_DEBUG_INFO = YES;
				ONLY_ACTIVE_ARCH = YES;
				SDKROOT = iphoneos;
				SWIFT_OPTIMIZATION_LEVEL = "-Onone";
			};
			name = Debug;
		};
		67F474931CE0027E00A7B02F /* Release */ = {
			isa = XCBuildConfiguration;
			buildSettings = {
				ALWAYS_SEARCH_USER_PATHS = NO;
				CLANG_ANALYZER_NONNULL = YES;
				CLANG_CXX_LANGUAGE_STANDARD = "gnu++0x";
				CLANG_CXX_LIBRARY = "libc++";
				CLANG_ENABLE_MODULES = YES;
				CLANG_ENABLE_OBJC_ARC = YES;
				CLANG_WARN_BOOL_CONVERSION = YES;
				CLANG_WARN_CONSTANT_CONVERSION = YES;
				CLANG_WARN_DIRECT_OBJC_ISA_USAGE = YES_ERROR;
				CLANG_WARN_EMPTY_BODY = YES;
				CLANG_WARN_ENUM_CONVERSION = YES;
				CLANG_WARN_INT_CONVERSION = YES;
				CLANG_WARN_OBJC_ROOT_CLASS = YES_ERROR;
				CLANG_WARN_UNREACHABLE_CODE = YES;
				CLANG_WARN__DUPLICATE_METHOD_MATCH = YES;
				"CODE_SIGN_IDENTITY[sdk=iphoneos*]" = "iPhone Developer";
				COPY_PHASE_STRIP = NO;
				DEBUG_INFORMATION_FORMAT = "dwarf-with-dsym";
				ENABLE_NS_ASSERTIONS = NO;
				ENABLE_STRICT_OBJC_MSGSEND = YES;
				GCC_C_LANGUAGE_STANDARD = gnu99;
				GCC_NO_COMMON_BLOCKS = YES;
				GCC_WARN_64_TO_32_BIT_CONVERSION = YES;
				GCC_WARN_ABOUT_RETURN_TYPE = YES_ERROR;
				GCC_WARN_UNDECLARED_SELECTOR = YES;
				GCC_WARN_UNINITIALIZED_AUTOS = YES_AGGRESSIVE;
				GCC_WARN_UNUSED_FUNCTION = YES;
				GCC_WARN_UNUSED_VARIABLE = YES;
				IPHONEOS_DEPLOYMENT_TARGET = 9.3;
				MTL_ENABLE_DEBUG_INFO = NO;
				SDKROOT = iphoneos;
				VALIDATE_PRODUCT = YES;
			};
			name = Release;
		};
		67F474951CE0027E00A7B02F /* Debug */ = {
			isa = XCBuildConfiguration;
			baseConfigurationReference = 798FEC6BE5BBA3BFA23A792C /* Pods-FireUpdater.debug.xcconfig */;
			buildSettings = {
				ASSETCATALOG_COMPILER_APPICON_NAME = AppIcon;
				CODE_SIGN_IDENTITY = "iPhone Developer";
				"CODE_SIGN_IDENTITY[sdk=iphoneos*]" = "iPhone Developer";
				FRAMEWORK_SEARCH_PATHS = (
					"$(inherited)",
					"$(PROJECT_DIR)",
				);
				INFOPLIST_FILE = FireUpdater/Info.plist;
				LD_RUNPATH_SEARCH_PATHS = "$(inherited) @executable_path/Frameworks";
				PRODUCT_BUNDLE_IDENTIFIER = lawchihon.FireUpdater;
				PRODUCT_NAME = "$(TARGET_NAME)";
				PROVISIONING_PROFILE = "";
			};
			name = Debug;
		};
		67F474961CE0027E00A7B02F /* Release */ = {
			isa = XCBuildConfiguration;
			baseConfigurationReference = 9834B82007DEB641562522B1 /* Pods-FireUpdater.release.xcconfig */;
			buildSettings = {
				ASSETCATALOG_COMPILER_APPICON_NAME = AppIcon;
				CODE_SIGN_IDENTITY = "iPhone Developer";
				"CODE_SIGN_IDENTITY[sdk=iphoneos*]" = "iPhone Developer";
				FRAMEWORK_SEARCH_PATHS = (
					"$(inherited)",
					"$(PROJECT_DIR)",
				);
				INFOPLIST_FILE = FireUpdater/Info.plist;
				LD_RUNPATH_SEARCH_PATHS = "$(inherited) @executable_path/Frameworks";
				PRODUCT_BUNDLE_IDENTIFIER = lawchihon.FireUpdater;
				PRODUCT_NAME = "$(TARGET_NAME)";
				PROVISIONING_PROFILE = "";
			};
			name = Release;
		};
/* End XCBuildConfiguration section */

/* Begin XCConfigurationList section */
		67F4747D1CE0027D00A7B02F /* Build configuration list for PBXProject "FireUpdater" */ = {
			isa = XCConfigurationList;
			buildConfigurations = (
				67F474921CE0027E00A7B02F /* Debug */,
				67F474931CE0027E00A7B02F /* Release */,
			);
			defaultConfigurationIsVisible = 0;
			defaultConfigurationName = Release;
		};
		67F474941CE0027E00A7B02F /* Build configuration list for PBXNativeTarget "FireUpdater" */ = {
			isa = XCConfigurationList;
			buildConfigurations = (
				67F474951CE0027E00A7B02F /* Debug */,
				67F474961CE0027E00A7B02F /* Release */,
			);
			defaultConfigurationIsVisible = 0;
			defaultConfigurationName = Release;
		};
/* End XCConfigurationList section */
	};
	rootObject = 67F4747A1CE0027D00A7B02F /* Project object */;
}
